
Microsoft Visual Studio Solution File, Format Version 12.00
# Visual Studio Version 17
VisualStudioVersion = 17.5.002.0
MinimumVisualStudioVersion = 10.0.40219.1
Project("{9A19103F-16F7-4668-BE54-9A1E7A4F7556}") = "CallMethodsExamples", "CallMethodsExamples.csproj", "{4127FE11-E1BD-492C-9675-93E7E8C5C892}"
EndProject
Global
	GlobalSection(SolutionConfigurationPlatforms) = preSolution
		Debug|Any CPU = Debug|Any CPU
		Release|Any CPU = Release|Any CPU
	EndGlobalSection
	GlobalSection(ProjectConfigurationPlatforms) = postSolution
		{4127FE11-E1BD-492C-9675-93E7E8C5C892}.Debug|Any CPU.ActiveCfg = Debug|Any CPU
		{4127FE11-E1BD-492C-9675-93E7E8C5C892}.Debug|Any CPU.Build.0 = Debug|Any CPU
		{4127FE11-E1BD-492C-9675-93E7E8C5C892}.Release|Any CPU.ActiveCfg = Release|Any CPU
		{4127FE11-E1BD-492C-9675-93E7E8C5C892}.Release|Any CPU.Build.0 = Release|Any CPU
	EndGlobalSection
	GlobalSection(SolutionProperties) = preSolution
		HideSolutionNode = FALSE
	EndGlobalSection
	GlobalSection(ExtensibilityGlobals) = postSolution
		SolutionGuid = {272CD84B-E1BA-4064-A39C-37CEDF1AA610}
	EndGlobalSection
EndGlobal
